
Microsoft Visual Studio Solution File, Format Version 12.00
# Visual Studio Version 17
VisualStudioVersion = 17.12.35527.113 d17.12
MinimumVisualStudioVersion = 10.0.40219.1
Project("{FAE04EC0-301F-11D3-BF4B-00C04F79EFBC}") = "ConsoleAppC#", "ConsoleAppC#\ConsoleAppC#.csproj", "{9FAC2D31-CD4A-4606-A42C-F21F0DD04F7E}"
EndProject
Project("{F184B08F-C81C-45F6-A57F-5ABD9991F28F}") = "ConsoleAppVb", "ConsoleAppVb\ConsoleAppVb.vbproj", "{8E10E0CA-6CAD-4EDE-9B8D-F21002785907}"
EndProject
Project("{8BC9CEB8-8B4A-11D0-8D11-00A0C91BC942}") = "ConsoleAppCpp", "ConsoleAppCpp\ConsoleAppCpp.vcxproj", "{1626ABA0-B4C9-430E-8DDF-C8ADCBFA6B11}"
EndProject
Project("{F2A71F9B-5D33-465A-A702-920D77279786}") = "ConsoleAppF#", "ConsoleAppF#\ConsoleAppF#.fsproj", "{2322AAE4-D36C-4C75-AD48-AF5F2DCF3CE9}"
EndProject
Project("{888888A0-9F3D-457C-B088-3A5042F75D52}") = "PythonApplication1", "PythonApplication1\PythonApplication1.pyproj", "{C6694152-CB38-4755-9D30-CA389135966D}"
EndProject
Global
	GlobalSection(SolutionConfigurationPlatforms) = preSolution
		Debug|Any CPU = Debug|Any CPU
		Debug|x64 = Debug|x64
		Debug|x86 = Debug|x86
		Release|Any CPU = Release|Any CPU
		Release|x64 = Release|x64
		Release|x86 = Release|x86
	EndGlobalSection
	GlobalSection(ProjectConfigurationPlatforms) = postSolution
		{9FAC2D31-CD4A-4606-A42C-F21F0DD04F7E}.Debug|Any CPU.ActiveCfg = Debug|Any CPU
		{9FAC2D31-CD4A-4606-A42C-F21F0DD04F7E}.Debug|Any CPU.Build.0 = Debug|Any CPU
		{9FAC2D31-CD4A-4606-A42C-F21F0DD04F7E}.Debug|x64.ActiveCfg = Debug|Any CPU
		{9FAC2D31-CD4A-4606-A42C-F21F0DD04F7E}.Debug|x64.Build.0 = Debug|Any CPU
		{9FAC2D31-CD4A-4606-A42C-F21F0DD04F7E}.Debug|x86.ActiveCfg = Debug|Any CPU
		{9FAC2D31-CD4A-4606-A42C-F21F0DD04F7E}.Debug|x86.Build.0 = Debug|Any CPU
		{9FAC2D31-CD4A-4606-A42C-F21F0DD04F7E}.Release|Any CPU.ActiveCfg = Release|Any CPU
		{9FAC2D31-CD4A-4606-A42C-F21F0DD04F7E}.Release|Any CPU.Build.0 = Release|Any CPU
		{9FAC2D31-CD4A-4606-A42C-F21F0DD04F7E}.Release|x64.ActiveCfg = Release|Any CPU
		{9FAC2D31-CD4A-4606-A42C-F21F0DD04F7E}.Release|x64.Build.0 = Release|Any CPU
		{9FAC2D31-CD4A-4606-A42C-F21F0DD04F7E}.Release|x86.ActiveCfg = Release|Any CPU
		{9FAC2D31-CD4A-4606-A42C-F21F0DD04F7E}.Release|x86.Build.0 = Release|Any CPU
		{8E10E0CA-6CAD-4EDE-9B8D-F21002785907}.Debug|Any CPU.ActiveCfg = Debug|Any CPU
		{8E10E0CA-6CAD-4EDE-9B8D-F21002785907}.Debug|Any CPU.Build.0 = Debug|Any CPU
		{8E10E0CA-6CAD-4EDE-9B8D-F21002785907}.Debug|x64.ActiveCfg = Debug|Any CPU
		{8E10E0CA-6CAD-4EDE-9B8D-F21002785907}.Debug|x64.Build.0 = Debug|Any CPU
		{8E10E0CA-6CAD-4EDE-9B8D-F21002785907}.Debug|x86.ActiveCfg = Debug|Any CPU
		{8E10E0CA-6CAD-4EDE-9B8D-F21002785907}.Debug|x86.Build.0 = Debug|Any CPU
		{8E10E0CA-6CAD-4EDE-9B8D-F21002785907}.Release|Any CPU.ActiveCfg = Release|Any CPU
		{8E10E0CA-6CAD-4EDE-9B8D-F21002785907}.Release|Any CPU.Build.0 = Release|Any CPU
		{8E10E0CA-6CAD-4EDE-9B8D-F21002785907}.Release|x64.ActiveCfg = Release|Any CPU
		{8E10E0CA-6CAD-4EDE-9B8D-F21002785907}.Release|x64.Build.0 = Release|Any CPU
		{8E10E0CA-6CAD-4EDE-9B8D-F21002785907}.Release|x86.ActiveCfg = Release|Any CPU
		{8E10E0CA-6CAD-4EDE-9B8D-F21002785907}.Release|x86.Build.0 = Release|Any CPU
		{1626ABA0-B4C9-430E-8DDF-C8ADCBFA6B11}.Debug|Any CPU.ActiveCfg = Debug|x64
		{1626ABA0-B4C9-430E-8DDF-C8ADCBFA6B11}.Debug|Any CPU.Build.0 = Debug|x64
		{1626ABA0-B4C9-430E-8DDF-C8ADCBFA6B11}.Debug|x64.ActiveCfg = Debug|x64
		{1626ABA0-B4C9-430E-8DDF-C8ADCBFA6B11}.Debug|x64.Build.0 = Debug|x64
		{1626ABA0-B4C9-430E-8DDF-C8ADCBFA6B11}.Debug|x86.ActiveCfg = Debug|Win32
		{1626ABA0-B4C9-430E-8DDF-C8ADCBFA6B11}.Debug|x86.Build.0 = Debug|Win32
		{1626ABA0-B4C9-430E-8DDF-C8ADCBFA6B11}.Release|Any CPU.ActiveCfg = Release|x64
		{1626ABA0-B4C9-430E-8DDF-C8ADCBFA6B11}.Release|Any CPU.Build.0 = Release|x64
		{1626ABA0-B4C9-430E-8DDF-C8ADCBFA6B11}.Release|x64.ActiveCfg = Release|x64
		{1626ABA0-B4C9-430E-8DDF-C8ADCBFA6B11}.Release|x64.Build.0 = Release|x64
		{1626ABA0-B4C9-430E-8DDF-C8ADCBFA6B11}.Release|x86.ActiveCfg = Release|Win32
		{1626ABA0-B4C9-430E-8DDF-C8ADCBFA6B11}.Release|x86.Build.0 = Release|Win32
		{2322AAE4-D36C-4C75-AD48-AF5F2DCF3CE9}.Debug|Any CPU.ActiveCfg = Debug|Any CPU
		{2322AAE4-D36C-4C75-AD48-AF5F2DCF3CE9}.Debug|Any CPU.Build.0 = Debug|Any CPU
		{2322AAE4-D36C-4C75-AD48-AF5F2DCF3CE9}.Debug|x64.ActiveCfg = Debug|Any CPU
		{2322AAE4-D36C-4C75-AD48-AF5F2DCF3CE9}.Debug|x64.Build.0 = Debug|Any CPU
		{2322AAE4-D36C-4C75-AD48-AF5F2DCF3CE9}.Debug|x86.ActiveCfg = Debug|Any CPU
		{2322AAE4-D36C-4C75-AD48-AF5F2DCF3CE9}.Debug|x86.Build.0 = Debug|Any CPU
		{2322AAE4-D36C-4C75-AD48-AF5F2DCF3CE9}.Release|Any CPU.ActiveCfg = Release|Any CPU
		{2322AAE4-D36C-4C75-AD48-AF5F2DCF3CE9}.Release|Any CPU.Build.0 = Release|Any CPU
		{2322AAE4-D36C-4C75-AD48-AF5F2DCF3CE9}.Release|x64.ActiveCfg = Release|Any CPU
		{2322AAE4-D36C-4C75-AD48-AF5F2DCF3CE9}.Release|x64.Build.0 = Release|Any CPU
		{2322AAE4-D36C-4C75-AD48-AF5F2DCF3CE9}.Release|x86.ActiveCfg = Release|Any CPU
		{2322AAE4-D36C-4C75-AD48-AF5F2DCF3CE9}.Release|x86.Build.0 = Release|Any CPU
		{C6694152-CB38-4755-9D30-CA389135966D}.Debug|Any CPU.ActiveCfg = Debug|Any CPU
		{C6694152-CB38-4755-9D30-CA389135966D}.Debug|x64.ActiveCfg = Debug|Any CPU
		{C6694152-CB38-4755-9D30-CA389135966D}.Debug|x86.ActiveCfg = Debug|Any CPU
		{C6694152-CB38-4755-9D30-CA389135966D}.Release|Any CPU.ActiveCfg = Release|Any CPU
		{C6694152-CB38-4755-9D30-CA389135966D}.Release|x64.ActiveCfg = Release|Any CPU
		{C6694152-CB38-4755-9D30-CA389135966D}.Release|x86.ActiveCfg = Release|Any CPU
	EndGlobalSection
	GlobalSection(SolutionProperties) = preSolution
		HideSolutionNode = FALSE
	EndGlobalSection
EndGlobal
